PODS:
  - fludd (0.0.1):
    - Flutter
  - Flutter (1.0.0)

DEPENDENCIES:
  - fludd (from `.symlinks/plugins/fludd/ios`)
  - Flutter (from `Flutter`)

EXTERNAL SOURCES:
  fludd:
    :path: ".symlinks/plugins/fludd/ios"
  Flutter:
    :path: Flutter

SPEC CHECKSUMS:
  fludd: fd971265845cabda0cca52f015168c307cfe2d1e
  Flutter: 434fef37c0980e73bb6479ef766c45957d4b510c

PODFILE CHECKSUM: a75497545d4391e2d394c3668e20cfb1c2bbd4aa

COCOAPODS: 1.10.1
