PODS:
  - fludd (0.0.1):
    - Flutter
  - Flutter (1.0.0)

DEPENDENCIES:
  - fludd (from `.symlinks/plugins/fludd/ios`)
  - Flutter (from `Flutter`)

EXTERNAL SOURCES:
  fludd:
    :path: ".symlinks/plugins/fludd/ios"
  Flutter:
    :path: Flutter

SPEC CHECKSUMS:
  fludd: fd971265845cabda0cca52f015168c307cfe2d1e
  Flutter: 0e3d915762c693b495b44d77113d4970485de6ec

PODFILE CHECKSUM: f32fb4e7c14f8b3ca19a369d7be425dd9241af27

COCOAPODS: 1.8.4
